
Microsoft Visual Studio Solution File, Format Version 12.00
# Visual Studio Version 17
VisualStudioVersion = 17.9.34607.119
MinimumVisualStudioVersion = 10.0.40219.1
Project("{9A19103F-16F7-4668-BE54-9A1E7A4F7556}") = "Service.Theaters", "Service.Theaters\Service.Theaters.csproj", "{CD1EBAE6-8A83-4AD9-96C1-C2EDBAC15B51}"
EndProject
Project("{9A19103F-16F7-4668-BE54-9A1E7A4F7556}") = "Service.Theaters.Repository", "Service.Theaters.Repository\Service.Theaters.Repository.csproj", "{7D7D1697-A127-46B3-9623-8FC11385DDC1}"
EndProject
Project("{FAE04EC0-301F-11D3-BF4B-00C04F79EFBC}") = "Service.Theaters.Models", "Service.Theaters.Models\Service.Theaters.Models.csproj", "{2210E90F-D124-4C0A-B2B9-00E67D0EE520}"
EndProject
Global
	GlobalSection(SolutionConfigurationPlatforms) = preSolution
		Debug|Any CPU = Debug|Any CPU
		Release|Any CPU = Release|Any CPU
	EndGlobalSection
	GlobalSection(ProjectConfigurationPlatforms) = postSolution
		{CD1EBAE6-8A83-4AD9-96C1-C2EDBAC15B51}.Debug|Any CPU.ActiveCfg = Debug|Any CPU
		{CD1EBAE6-8A83-4AD9-96C1-C2EDBAC15B51}.Debug|Any CPU.Build.0 = Debug|Any CPU
		{CD1EBAE6-8A83-4AD9-96C1-C2EDBAC15B51}.Release|Any CPU.ActiveCfg = Release|Any CPU
		{CD1EBAE6-8A83-4AD9-96C1-C2EDBAC15B51}.Release|Any CPU.Build.0 = Release|Any CPU
		{7D7D1697-A127-46B3-9623-8FC11385DDC1}.Debug|Any CPU.ActiveCfg = Debug|Any CPU
		{7D7D1697-A127-46B3-9623-8FC11385DDC1}.Debug|Any CPU.Build.0 = Debug|Any CPU
		{7D7D1697-A127-46B3-9623-8FC11385DDC1}.Release|Any CPU.ActiveCfg = Release|Any CPU
		{7D7D1697-A127-46B3-9623-8FC11385DDC1}.Release|Any CPU.Build.0 = Release|Any CPU
		{2210E90F-D124-4C0A-B2B9-00E67D0EE520}.Debug|Any CPU.ActiveCfg = Debug|Any CPU
		{2210E90F-D124-4C0A-B2B9-00E67D0EE520}.Debug|Any CPU.Build.0 = Debug|Any CPU
		{2210E90F-D124-4C0A-B2B9-00E67D0EE520}.Release|Any CPU.ActiveCfg = Release|Any CPU
		{2210E90F-D124-4C0A-B2B9-00E67D0EE520}.Release|Any CPU.Build.0 = Release|Any CPU
	EndGlobalSection
	GlobalSection(SolutionProperties) = preSolution
		HideSolutionNode = FALSE
	EndGlobalSection
	GlobalSection(ExtensibilityGlobals) = postSolution
		SolutionGuid = {7771D732-614D-4902-AD55-EDAECE14C1DF}
	EndGlobalSection
EndGlobal
